
Microsoft Visual Studio Solution File, Format Version 12.00
# Visual Studio Version 17
VisualStudioVersion = 17.6.33815.320
MinimumVisualStudioVersion = 10.0.40219.1
Project("{FAE04EC0-301F-11D3-BF4B-00C04F79EFBC}") = "HackerRank - Plus Minus", "HackerRank - Plus Minus.csproj", "{4B803BF1-1DD9-41F3-9889-F7C8195BF8B1}"
EndProject
Global
	GlobalSection(SolutionConfigurationPlatforms) = preSolution
		Debug|Any CPU = Debug|Any CPU
		Release|Any CPU = Release|Any CPU
	EndGlobalSection
	GlobalSection(ProjectConfigurationPlatforms) = postSolution
		{4B803BF1-1DD9-41F3-9889-F7C8195BF8B1}.Debug|Any CPU.ActiveCfg = Debug|Any CPU
		{4B803BF1-1DD9-41F3-9889-F7C8195BF8B1}.Debug|Any CPU.Build.0 = Debug|Any CPU
		{4B803BF1-1DD9-41F3-9889-F7C8195BF8B1}.Release|Any CPU.ActiveCfg = Release|Any CPU
		{4B803BF1-1DD9-41F3-9889-F7C8195BF8B1}.Release|Any CPU.Build.0 = Release|Any CPU
	EndGlobalSection
	GlobalSection(SolutionProperties) = preSolution
		HideSolutionNode = FALSE
	EndGlobalSection
	GlobalSection(ExtensibilityGlobals) = postSolution
		SolutionGuid = {C69FBA6D-B3F6-4F8D-B121-4A35CDD39699}
	EndGlobalSection
EndGlobal
