
Microsoft Visual Studio Solution File, Format Version 12.00
# Visual Studio Version 17
VisualStudioVersion = 17.6.33829.357
MinimumVisualStudioVersion = 10.0.40219.1
Project("{FAE04EC0-301F-11D3-BF4B-00C04F79EFBC}") = "Avanade", "Avanade.csproj", "{3E982F19-FE9A-4A30-8AD4-BE0A4439EB8F}"
EndProject
Global
	GlobalSection(SolutionConfigurationPlatforms) = preSolution
		Debug|Any CPU = Debug|Any CPU
		Release|Any CPU = Release|Any CPU
	EndGlobalSection
	GlobalSection(ProjectConfigurationPlatforms) = postSolution
		{3E982F19-FE9A-4A30-8AD4-BE0A4439EB8F}.Debug|Any CPU.ActiveCfg = Debug|Any CPU
		{3E982F19-FE9A-4A30-8AD4-BE0A4439EB8F}.Debug|Any CPU.Build.0 = Debug|Any CPU
		{3E982F19-FE9A-4A30-8AD4-BE0A4439EB8F}.Release|Any CPU.ActiveCfg = Release|Any CPU
		{3E982F19-FE9A-4A30-8AD4-BE0A4439EB8F}.Release|Any CPU.Build.0 = Release|Any CPU
	EndGlobalSection
	GlobalSection(SolutionProperties) = preSolution
		HideSolutionNode = FALSE
	EndGlobalSection
	GlobalSection(ExtensibilityGlobals) = postSolution
		SolutionGuid = {099898E8-288F-4167-8D1C-83D9C12A03BD}
	EndGlobalSection
EndGlobal
