
Microsoft Visual Studio Solution File, Format Version 12.00
# Visual Studio Version 17
VisualStudioVersion = 17.6.33829.357
MinimumVisualStudioVersion = 10.0.40219.1
Project("{FAE04EC0-301F-11D3-BF4B-00C04F79EFBC}") = "Time Conversion", "Time Conversion.csproj", "{7DADD520-F433-40C6-8467-3FDF0B922225}"
EndProject
Global
	GlobalSection(SolutionConfigurationPlatforms) = preSolution
		Debug|Any CPU = Debug|Any CPU
		Release|Any CPU = Release|Any CPU
	EndGlobalSection
	GlobalSection(ProjectConfigurationPlatforms) = postSolution
		{7DADD520-F433-40C6-8467-3FDF0B922225}.Debug|Any CPU.ActiveCfg = Debug|Any CPU
		{7DADD520-F433-40C6-8467-3FDF0B922225}.Debug|Any CPU.Build.0 = Debug|Any CPU
		{7DADD520-F433-40C6-8467-3FDF0B922225}.Release|Any CPU.ActiveCfg = Release|Any CPU
		{7DADD520-F433-40C6-8467-3FDF0B922225}.Release|Any CPU.Build.0 = Release|Any CPU
	EndGlobalSection
	GlobalSection(SolutionProperties) = preSolution
		HideSolutionNode = FALSE
	EndGlobalSection
	GlobalSection(ExtensibilityGlobals) = postSolution
		SolutionGuid = {D56A2064-E342-4606-ADE6-859A55833E1D}
	EndGlobalSection
EndGlobal
