
Microsoft Visual Studio Solution File, Format Version 12.00
# Visual Studio Version 17
VisualStudioVersion = 17.6.33829.357
MinimumVisualStudioVersion = 10.0.40219.1
Project("{FAE04EC0-301F-11D3-BF4B-00C04F79EFBC}") = "Mini-Max Sum", "Mini-Max Sum.csproj", "{4F851A89-FB5F-425F-B67B-2C548EA1B167}"
EndProject
Global
	GlobalSection(SolutionConfigurationPlatforms) = preSolution
		Debug|Any CPU = Debug|Any CPU
		Release|Any CPU = Release|Any CPU
	EndGlobalSection
	GlobalSection(ProjectConfigurationPlatforms) = postSolution
		{4F851A89-FB5F-425F-B67B-2C548EA1B167}.Debug|Any CPU.ActiveCfg = Debug|Any CPU
		{4F851A89-FB5F-425F-B67B-2C548EA1B167}.Debug|Any CPU.Build.0 = Debug|Any CPU
		{4F851A89-FB5F-425F-B67B-2C548EA1B167}.Release|Any CPU.ActiveCfg = Release|Any CPU
		{4F851A89-FB5F-425F-B67B-2C548EA1B167}.Release|Any CPU.Build.0 = Release|Any CPU
	EndGlobalSection
	GlobalSection(SolutionProperties) = preSolution
		HideSolutionNode = FALSE
	EndGlobalSection
	GlobalSection(ExtensibilityGlobals) = postSolution
		SolutionGuid = {264DA5E9-F8DA-496E-92C3-389482AB26B3}
	EndGlobalSection
EndGlobal
